
Microsoft Visual Studio Solution File, Format Version 12.00
# Visual Studio 14
VisualStudioVersion = 14.0.25123.0
MinimumVisualStudioVersion = 10.0.40219.1
Project("{FAE04EC0-301F-11D3-BF4B-00C04F79EFBC}") = "LGStarterKit.Site", "Src\LGStarterKit.Site\LGStarterKit.Site.csproj", "{A9F58833-BE35-4AD6-A3D1-B71187FAD855}"
EndProject
Project("{FAE04EC0-301F-11D3-BF4B-00C04F79EFBC}") = "Jumoo.StarterKit.Installer", "Src\Jumoo.StarterKit.Installer\Jumoo.StarterKit.Installer.csproj", "{365D6B14-20B4-470C-AA9A-C8072D65294E}"
EndProject
Global
	GlobalSection(SolutionConfigurationPlatforms) = preSolution
		Debug|Any CPU = Debug|Any CPU
		Release|Any CPU = Release|Any CPU
	EndGlobalSection
	GlobalSection(ProjectConfigurationPlatforms) = postSolution
		{A9F58833-BE35-4AD6-A3D1-B71187FAD855}.Debug|Any CPU.ActiveCfg = Debug|Any CPU
		{A9F58833-BE35-4AD6-A3D1-B71187FAD855}.Debug|Any CPU.Build.0 = Debug|Any CPU
		{A9F58833-BE35-4AD6-A3D1-B71187FAD855}.Release|Any CPU.ActiveCfg = Release|Any CPU
		{A9F58833-BE35-4AD6-A3D1-B71187FAD855}.Release|Any CPU.Build.0 = Release|Any CPU
		{365D6B14-20B4-470C-AA9A-C8072D65294E}.Debug|Any CPU.ActiveCfg = Debug|Any CPU
		{365D6B14-20B4-470C-AA9A-C8072D65294E}.Debug|Any CPU.Build.0 = Debug|Any CPU
		{365D6B14-20B4-470C-AA9A-C8072D65294E}.Release|Any CPU.ActiveCfg = Release|Any CPU
		{365D6B14-20B4-470C-AA9A-C8072D65294E}.Release|Any CPU.Build.0 = Release|Any CPU
	EndGlobalSection
	GlobalSection(SolutionProperties) = preSolution
		HideSolutionNode = FALSE
	EndGlobalSection
EndGlobal
